
Microsoft Visual Studio Solution File, Format Version 12.00
# Visual Studio 15
VisualStudioVersion = 15.0.27703.2035
MinimumVisualStudioVersion = 10.0.40219.1
Project("{FAE04EC0-301F-11D3-BF4B-00C04F79EFBC}") = "DemoVariables", "DemoVariables\DemoVariables.csproj", "{254FF2C9-3731-43B9-AF65-B5EF24DFE6EF}"
EndProject
Global
	GlobalSection(SolutionConfigurationPlatforms) = preSolution
		Debug|Any CPU = Debug|Any CPU
		Release|Any CPU = Release|Any CPU
	EndGlobalSection
	GlobalSection(ProjectConfigurationPlatforms) = postSolution
		{254FF2C9-3731-43B9-AF65-B5EF24DFE6EF}.Debug|Any CPU.ActiveCfg = Debug|Any CPU
		{254FF2C9-3731-43B9-AF65-B5EF24DFE6EF}.Debug|Any CPU.Build.0 = Debug|Any CPU
		{254FF2C9-3731-43B9-AF65-B5EF24DFE6EF}.Release|Any CPU.ActiveCfg = Release|Any CPU
		{254FF2C9-3731-43B9-AF65-B5EF24DFE6EF}.Release|Any CPU.Build.0 = Release|Any CPU
	EndGlobalSection
	GlobalSection(SolutionProperties) = preSolution
		HideSolutionNode = FALSE
	EndGlobalSection
	GlobalSection(ExtensibilityGlobals) = postSolution
		SolutionGuid = {B6E491C9-209F-41B7-BECB-9854761C9975}
	EndGlobalSection
EndGlobal
