
Microsoft Visual Studio Solution File, Format Version 12.00
# Visual Studio 15
VisualStudioVersion = 15.0.27703.2035
MinimumVisualStudioVersion = 10.0.40219.1
Project("{FAE04EC0-301F-11D3-BF4B-00C04F79EFBC}") = "ProjectedRaises", "ProjectedRaises\ProjectedRaises.csproj", "{46443D64-DF8E-42AF-A5B4-B2A6FA87264D}"
EndProject
Global
	GlobalSection(SolutionConfigurationPlatforms) = preSolution
		Debug|Any CPU = Debug|Any CPU
		Release|Any CPU = Release|Any CPU
	EndGlobalSection
	GlobalSection(ProjectConfigurationPlatforms) = postSolution
		{46443D64-DF8E-42AF-A5B4-B2A6FA87264D}.Debug|Any CPU.ActiveCfg = Debug|Any CPU
		{46443D64-DF8E-42AF-A5B4-B2A6FA87264D}.Debug|Any CPU.Build.0 = Debug|Any CPU
		{46443D64-DF8E-42AF-A5B4-B2A6FA87264D}.Release|Any CPU.ActiveCfg = Release|Any CPU
		{46443D64-DF8E-42AF-A5B4-B2A6FA87264D}.Release|Any CPU.Build.0 = Release|Any CPU
	EndGlobalSection
	GlobalSection(SolutionProperties) = preSolution
		HideSolutionNode = FALSE
	EndGlobalSection
	GlobalSection(ExtensibilityGlobals) = postSolution
		SolutionGuid = {9B754E0C-DCE8-4E0B-B391-643B9064AA28}
	EndGlobalSection
EndGlobal
